
Microsoft Visual Studio Solution File, Format Version 12.00
# Visual Studio Version 16
VisualStudioVersion = 16.0.34902.97
MinimumVisualStudioVersion = 10.0.40219.1
Project("{FAE04EC0-301F-11D3-BF4B-00C04F79EFBC}") = "WebApiReport", "WebApiReport.csproj", "{FDA0E926-E5B5-4DF4-B38B-CDDB2153A72C}"
EndProject
Global
	GlobalSection(SolutionConfigurationPlatforms) = preSolution
		Debug|Any CPU = Debug|Any CPU
		Release|Any CPU = Release|Any CPU
	EndGlobalSection
	GlobalSection(ProjectConfigurationPlatforms) = postSolution
		{FDA0E926-E5B5-4DF4-B38B-CDDB2153A72C}.Debug|Any CPU.ActiveCfg = Debug|Any CPU
		{FDA0E926-E5B5-4DF4-B38B-CDDB2153A72C}.Debug|Any CPU.Build.0 = Debug|Any CPU
		{FDA0E926-E5B5-4DF4-B38B-CDDB2153A72C}.Release|Any CPU.ActiveCfg = Release|Any CPU
		{FDA0E926-E5B5-4DF4-B38B-CDDB2153A72C}.Release|Any CPU.Build.0 = Release|Any CPU
	EndGlobalSection
	GlobalSection(SolutionProperties) = preSolution
		HideSolutionNode = FALSE
	EndGlobalSection
	GlobalSection(ExtensibilityGlobals) = postSolution
		SolutionGuid = {2FCC036F-DF73-499F-AF07-1AAA1D536FD5}
	EndGlobalSection
EndGlobal
